{
  "name": "@shield.cash/preparation-transaction",
  "version": "0.0.0",
  "lockfileVersion": 3,
  "requires": true,
  "packages": {
    "": {
      "name": "@shield.cash/preparation-transaction",
      "version": "0.0.0",
      "dependencies": {
        "@bitauth/libauth": "3.1.0-next.8"
      }
    },
    "node_modules/@bitauth/libauth": {
      "version": "3.1.0-next.8",
      "resolved": "https://registry.npmjs.org/@bitauth/libauth/-/libauth-3.1.0-next.8.tgz",
      "integrity": "sha512-Pm+Ju+YP3JeBLLTiVrBnia2wwE4G17r4XqpvPRMcklElJTe8J6x3JgKRg1by0Xm3ZY6UFxACkEAoSA+x419/zA==",
      "license": "MIT",
      "engines": {
        "node": "^12.20.0 || ^14.13.1 || >=16.0.0"
      }
    }
  }
}
